{
  "originHash" : "37ee16682e50e01eb28cbb7ceda0e0ba12aea2d2ae80be539b61ea9ff1c12595",
  "pins" : [
    {
      "identity" : "fspopoverview",
      "kind" : "remoteSourceControl",
      "location" : "https://github.com/lifution/FSPopoverView.git",
      "state" : {
        "revision" : "03a3609a211783cc4a25e24582bc5ee1ab4358ec",
        "version" : "3.1.3"
      }
    }
  ],
  "version" : 3
}
